// !$*UTF8*$!
{
	archiveVersion = 1;
	classes = {
	};
	objectVersion = 46;
	objects = {

/* Begin PBXBuildFile section */
		1D0DE1F5151786D000006035 /* CoreVideo.framework in Frameworks */ = {isa = PBXBuildFile; fileRef = 1D0DE1F4151786D000006035 /* CoreVideo.framework */; };
		1D1D83631517DD29004744C2 /* main.m in Sources */ = {isa = PBXBuildFile; fileRef = 1D1D83621517DD29004744C2 /* main.m */; };
		1D95C7DA151776CC008A1C32 /* UIKit.framework in Frameworks */ = {isa = PBXBuildFile; fileRef = 1D95C7D9151776CC008A1C32 /* UIKit.framework */; };
		1D95C7DC151776CC008A1C32 /* Foundation.framework in Frameworks */ = {isa = PBXBuildFile; fileRef = 1D95C7DB151776CC008A1C32 /* Foundation.framework */; };
		1D95C7DE151776CC008A1C32 /* CoreGraphics.framework in Frameworks */ = {isa = PBXBuildFile; fileRef = 1D95C7DD151776CC008A1C32 /* CoreGraphics.framework */; };
		1D95C7F11517770A008A1C32 /* AVFoundation.framework in Frameworks */ = {isa = PBXBuildFile; fileRef = 1D95C7F01517770A008A1C32 /* AVFoundation.framework */; };
		1D95C7F615177FED008A1C32 /* CoreMedia.framework in Frameworks */ = {isa = PBXBuildFile; fileRef = 1D95C7F515177FED008A1C32 /* CoreMedia.framework */; };
		1D95C7F8151780FA008A1C32 /* CoreImage.framework in Frameworks */ = {isa = PBXBuildFile; fileRef = 1D95C7F7151780FA008A1C32 /* CoreImage.framework */; };
		1D982E8B157C010000E7966D /* JSLiveCameraPreviewView.m in Sources */ = {isa = PBXBuildFile; fileRef = 1D982E87157C00F700E7966D /* JSLiveCameraPreviewView.m */; };
		1D982E8E157C012600E7966D /* AppDelegate.m in Sources */ = {isa = PBXBuildFile; fileRef = 1D982E8C157C012600E7966D /* AppDelegate.m */; };
		1D982E91157C015000E7966D /* JSCameraVC.m in Sources */ = {isa = PBXBuildFile; fileRef = 1D982E8F157C015000E7966D /* JSCameraVC.m */; };
		1D982E93157C019200E7966D /* JSCameraImageFilterUtils.m in Sources */ = {isa = PBXBuildFile; fileRef = 1D982E92157C019200E7966D /* JSCameraImageFilterUtils.m */; };
		1D982E98157C01A200E7966D /* JSSimpleCameraImageFilter.m in Sources */ = {isa = PBXBuildFile; fileRef = 1D982E94157C01A200E7966D /* JSSimpleCameraImageFilter.m */; };
		1D982E99157C01A200E7966D /* JSCameraImageFilterFaceDetector.m in Sources */ = {isa = PBXBuildFile; fileRef = 1D982E95157C01A200E7966D /* JSCameraImageFilterFaceDetector.m */; };
/* End PBXBuildFile section */

/* Begin PBXFileReference section */
		1D0DE1F4151786D000006035 /* CoreVideo.framework */ = {isa = PBXFileReference; lastKnownFileType = wrapper.framework; name = CoreVideo.framework; path = System/Library/Frameworks/CoreVideo.framework; sourceTree = SDKROOT; };
		1D1D83611517DC57004744C2 /* JSLiveCameraFilters-Prefix.pch */ = {isa = PBXFileReference; fileEncoding = 4; lastKnownFileType = sourcecode.c.h; name = "JSLiveCameraFilters-Prefix.pch"; path = "JSLiveCameraFiltersSampleProject/JSLiveCameraFilters-Prefix.pch"; sourceTree = SOURCE_ROOT; };
		1D1D83621517DD29004744C2 /* main.m */ = {isa = PBXFileReference; fileEncoding = 4; lastKnownFileType = sourcecode.c.objc; name = main.m; path = JSLiveCameraFiltersSampleProject/main.m; sourceTree = SOURCE_ROOT; };
		1D95C7D5151776CC008A1C32 /* LiveFilters.app */ = {isa = PBXFileReference; explicitFileType = wrapper.application; includeInIndex = 0; path = LiveFilters.app; sourceTree = BUILT_PRODUCTS_DIR; };
		1D95C7D9151776CC008A1C32 /* UIKit.framework */ = {isa = PBXFileReference; lastKnownFileType = wrapper.framework; name = UIKit.framework; path = System/Library/Frameworks/UIKit.framework; sourceTree = SDKROOT; };
		1D95C7DB151776CC008A1C32 /* Foundation.framework */ = {isa = PBXFileReference; lastKnownFileType = wrapper.framework; name = Foundation.framework; path = System/Library/Frameworks/Foundation.framework; sourceTree = SDKROOT; };
		1D95C7DD151776CC008A1C32 /* CoreGraphics.framework */ = {isa = PBXFileReference; lastKnownFileType = wrapper.framework; name = CoreGraphics.framework; path = System/Library/Frameworks/CoreGraphics.framework; sourceTree = SDKROOT; };
		1D95C7E1151776CC008A1C32 /* JSLiveCameraFilters-Info.plist */ = {isa = PBXFileReference; lastKnownFileType = text.plist; name = "JSLiveCameraFilters-Info.plist"; path = "JSLiveCameraFiltersSampleProject/JSLiveCameraFilters-Info.plist"; sourceTree = "<group>"; };
		1D95C7F01517770A008A1C32 /* AVFoundation.framework */ = {isa = PBXFileReference; lastKnownFileType = wrapper.framework; name = AVFoundation.framework; path = System/Library/Frameworks/AVFoundation.framework; sourceTree = SDKROOT; };
		1D95C7F515177FED008A1C32 /* CoreMedia.framework */ = {isa = PBXFileReference; lastKnownFileType = wrapper.framework; name = CoreMedia.framework; path = System/Library/Frameworks/CoreMedia.framework; sourceTree = SDKROOT; };
		1D95C7F7151780FA008A1C32 /* CoreImage.framework */ = {isa = PBXFileReference; lastKnownFileType = wrapper.framework; name = CoreImage.framework; path = System/Library/Frameworks/CoreImage.framework; sourceTree = SDKROOT; };
		1D982E87157C00F700E7966D /* JSLiveCameraPreviewView.m */ = {isa = PBXFileReference; lastKnownFileType = sourcecode.c.objc; name = JSLiveCameraPreviewView.m; path = JSLiveCameraFilters/JSLiveCameraPreviewView.m; sourceTree = SOURCE_ROOT; };
		1D982E88157C00F700E7966D /* JSCameraImageFilter.h */ = {isa = PBXFileReference; lastKnownFileType = sourcecode.c.h; name = JSCameraImageFilter.h; path = JSLiveCameraFilters/JSCameraImageFilter.h; sourceTree = SOURCE_ROOT; };
		1D982E89157C00F700E7966D /* JSCameraImageFilterUtils.h */ = {isa = PBXFileReference; lastKnownFileType = sourcecode.c.h; name = JSCameraImageFilterUtils.h; path = JSLiveCameraFilters/JSCameraImageFilterUtils.h; sourceTree = SOURCE_ROOT; };
		1D982E8A157C00F700E7966D /* JSLiveCameraPreviewView.h */ = {isa = PBXFileReference; lastKnownFileType = sourcecode.c.h; name = JSLiveCameraPreviewView.h; path = JSLiveCameraFilters/JSLiveCameraPreviewView.h; sourceTree = SOURCE_ROOT; };
		1D982E8C157C012600E7966D /* AppDelegate.m */ = {isa = PBXFileReference; fileEncoding = 4; lastKnownFileType = sourcecode.c.objc; name = AppDelegate.m; path = JSLiveCameraFiltersSampleProject/AppDelegate.m; sourceTree = SOURCE_ROOT; };
		1D982E8D157C012600E7966D /* AppDelegate.h */ = {isa = PBXFileReference; fileEncoding = 4; lastKnownFileType = sourcecode.c.h; name = AppDelegate.h; path = JSLiveCameraFiltersSampleProject/AppDelegate.h; sourceTree = SOURCE_ROOT; };
		1D982E8F157C015000E7966D /* JSCameraVC.m */ = {isa = PBXFileReference; fileEncoding = 4; lastKnownFileType = sourcecode.c.objc; name = JSCameraVC.m; path = JSLiveCameraFiltersSampleProject/JSCameraVC.m; sourceTree = SOURCE_ROOT; };
		1D982E90157C015000E7966D /* JSCameraVC.h */ = {isa = PBXFileReference; fileEncoding = 4; lastKnownFileType = sourcecode.c.h; name = JSCameraVC.h; path = JSLiveCameraFiltersSampleProject/JSCameraVC.h; sourceTree = SOURCE_ROOT; };
		1D982E92157C019200E7966D /* JSCameraImageFilterUtils.m */ = {isa = PBXFileReference; fileEncoding = 4; lastKnownFileType = sourcecode.c.objc; name = JSCameraImageFilterUtils.m; path = JSLiveCameraFilters/JSCameraImageFilterUtils.m; sourceTree = SOURCE_ROOT; };
		1D982E94157C01A200E7966D /* JSSimpleCameraImageFilter.m */ = {isa = PBXFileReference; fileEncoding = 4; lastKnownFileType = sourcecode.c.objc; name = JSSimpleCameraImageFilter.m; path = JSLiveCameraFiltersSampleProject/JSSimpleCameraImageFilter.m; sourceTree = SOURCE_ROOT; };
		1D982E95157C01A200E7966D /* JSCameraImageFilterFaceDetector.m */ = {isa = PBXFileReference; fileEncoding = 4; lastKnownFileType = sourcecode.c.objc; name = JSCameraImageFilterFaceDetector.m; path = JSLiveCameraFiltersSampleProject/JSCameraImageFilterFaceDetector.m; sourceTree = SOURCE_ROOT; };
		1D982E96157C01A200E7966D /* JSSimpleCameraImageFilter.h */ = {isa = PBXFileReference; fileEncoding = 4; lastKnownFileType = sourcecode.c.h; name = JSSimpleCameraImageFilter.h; path = JSLiveCameraFiltersSampleProject/JSSimpleCameraImageFilter.h; sourceTree = SOURCE_ROOT; };
		1D982E97157C01A200E7966D /* JSCameraImageFilterFaceDetector.h */ = {isa = PBXFileReference; fileEncoding = 4; lastKnownFileType = sourcecode.c.h; name = JSCameraImageFilterFaceDetector.h; path = JSLiveCameraFiltersSampleProject/JSCameraImageFilterFaceDetector.h; sourceTree = SOURCE_ROOT; };
/* End PBXFileReference section */

/* Begin PBXFrameworksBuildPhase section */
		1D95C7D2151776CC008A1C32 /* Frameworks */ = {
			isa = PBXFrameworksBuildPhase;
			buildActionMask = 2147483647;
			files = (
				1D0DE1F5151786D000006035 /* CoreVideo.framework in Frameworks */,
				1D95C7F8151780FA008A1C32 /* CoreImage.framework in Frameworks */,
				1D95C7F615177FED008A1C32 /* CoreMedia.framework in Frameworks */,
				1D95C7F11517770A008A1C32 /* AVFoundation.framework in Frameworks */,
				1D95C7DA151776CC008A1C32 /* UIKit.framework in Frameworks */,
				1D95C7DC151776CC008A1C32 /* Foundation.framework in Frameworks */,
				1D95C7DE151776CC008A1C32 /* CoreGraphics.framework in Frameworks */,
			);
			runOnlyForDeploymentPostprocessing = 0;
		};
/* End PBXFrameworksBuildPhase section */

/* Begin PBXGroup section */
		1D1D83731517DD4C004744C2 /* Demo */ = {
			isa = PBXGroup;
			children = (
				1D982E90157C015000E7966D /* JSCameraVC.h */,
				1D982E8F157C015000E7966D /* JSCameraVC.m */,
				1D1D83741517DD5E004744C2 /* Sample filters */,
			);
			name = Demo;
			sourceTree = "<group>";
		};
		1D1D83741517DD5E004744C2 /* Sample filters */ = {
			isa = PBXGroup;
			children = (
				1D982E96157C01A200E7966D /* JSSimpleCameraImageFilter.h */,
				1D982E94157C01A200E7966D /* JSSimpleCameraImageFilter.m */,
				1D982E97157C01A200E7966D /* JSCameraImageFilterFaceDetector.h */,
				1D982E95157C01A200E7966D /* JSCameraImageFilterFaceDetector.m */,
			);
			name = "Sample filters";
			sourceTree = "<group>";
		};
		1D95C7CA151776CA008A1C32 = {
			isa = PBXGroup;
			children = (
				1D95C7DF151776CC008A1C32 /* JSLiveCameraFiltersSampleProject */,
				1D95C7D8151776CC008A1C32 /* Frameworks */,
				1D95C7D6151776CC008A1C32 /* Products */,
			);
			sourceTree = "<group>";
		};
		1D95C7D6151776CC008A1C32 /* Products */ = {
			isa = PBXGroup;
			children = (
				1D95C7D5151776CC008A1C32 /* LiveFilters.app */,
			);
			name = Products;
			sourceTree = "<group>";
		};
		1D95C7D8151776CC008A1C32 /* Frameworks */ = {
			isa = PBXGroup;
			children = (
				1D0DE1F4151786D000006035 /* CoreVideo.framework */,
				1D95C7F7151780FA008A1C32 /* CoreImage.framework */,
				1D95C7F515177FED008A1C32 /* CoreMedia.framework */,
				1D95C7F01517770A008A1C32 /* AVFoundation.framework */,
				1D95C7D9151776CC008A1C32 /* UIKit.framework */,
				1D95C7DB151776CC008A1C32 /* Foundation.framework */,
				1D95C7DD151776CC008A1C32 /* CoreGraphics.framework */,
			);
			name = Frameworks;
			sourceTree = "<group>";
		};
		1D95C7DF151776CC008A1C32 /* JSLiveCameraFiltersSampleProject */ = {
			isa = PBXGroup;
			children = (
				1D982E8D157C012600E7966D /* AppDelegate.h */,
				1D982E8C157C012600E7966D /* AppDelegate.m */,
				1D1D83731517DD4C004744C2 /* Demo */,
				1D982E86157C00E900E7966D /* JSLiveCameraFilters */,
				1D95C7E0151776CC008A1C32 /* Supporting Files */,
			);
			name = JSLiveCameraFiltersSampleProject;
			path = CameraOverlay;
			sourceTree = "<group>";
		};
		1D95C7E0151776CC008A1C32 /* Supporting Files */ = {
			isa = PBXGroup;
			children = (
				1D1D83621517DD29004744C2 /* main.m */,
				1D95C7E1151776CC008A1C32 /* JSLiveCameraFilters-Info.plist */,
				1D1D83611517DC57004744C2 /* JSLiveCameraFilters-Prefix.pch */,
			);
			name = "Supporting Files";
			sourceTree = "<group>";
		};
		1D982E86157C00E900E7966D /* JSLiveCameraFilters */ = {
			isa = PBXGroup;
			children = (
				1D982E88157C00F700E7966D /* JSCameraImageFilter.h */,
				1D982E89157C00F700E7966D /* JSCameraImageFilterUtils.h */,
				1D982E92157C019200E7966D /* JSCameraImageFilterUtils.m */,
				1D982E8A157C00F700E7966D /* JSLiveCameraPreviewView.h */,
				1D982E87157C00F700E7966D /* JSLiveCameraPreviewView.m */,
			);
			name = JSLiveCameraFilters;
			sourceTree = "<group>";
		};
/* End PBXGroup section */

/* Begin PBXNativeTarget section */
		1D95C7D4151776CC008A1C32 /* JSLiveCameraFiltersSampleApp */ = {
			isa = PBXNativeTarget;
			buildConfigurationList = 1D95C7ED151776CC008A1C32 /* Build configuration list for PBXNativeTarget "JSLiveCameraFiltersSampleApp" */;
			buildPhases = (
				1D95C7D1151776CC008A1C32 /* Sources */,
				1D95C7D2151776CC008A1C32 /* Frameworks */,
				1D95C7D3151776CC008A1C32 /* Resources */,
			);
			buildRules = (
			);
			dependencies = (
			);
			name = JSLiveCameraFiltersSampleApp;
			productName = CameraOverlay;
			productReference = 1D95C7D5151776CC008A1C32 /* LiveFilters.app */;
			productType = "com.apple.product-type.application";
		};
/* End PBXNativeTarget section */

/* Begin PBXProject section */
		1D95C7CC151776CA008A1C32 /* Project object */ = {
			isa = PBXProject;
			attributes = {
				CLASSPREFIX = JS;
				LastUpgradeCheck = 0440;
			};
			buildConfigurationList = 1D95C7CF151776CA008A1C32 /* Build configuration list for PBXProject "JSLiveCameraFilters" */;
			compatibilityVersion = "Xcode 3.2";
			developmentRegion = English;
			hasScannedForEncodings = 0;
			knownRegions = (
				en,
			);
			mainGroup = 1D95C7CA151776CA008A1C32;
			productRefGroup = 1D95C7D6151776CC008A1C32 /* Products */;
			projectDirPath = "";
			projectRoot = "";
			targets = (
				1D95C7D4151776CC008A1C32 /* JSLiveCameraFiltersSampleApp */,
			);
		};
/* End PBXProject section */

/* Begin PBXResourcesBuildPhase section */
		1D95C7D3151776CC008A1C32 /* Resources */ = {
			isa = PBXResourcesBuildPhase;
			buildActionMask = 2147483647;
			files = (
			);
			runOnlyForDeploymentPostprocessing = 0;
		};
/* End PBXResourcesBuildPhase section */

/* Begin PBXSourcesBuildPhase section */
		1D95C7D1151776CC008A1C32 /* Sources */ = {
			isa = PBXSourcesBuildPhase;
			buildActionMask = 2147483647;
			files = (
				1D1D83631517DD29004744C2 /* main.m in Sources */,
				1D982E8B157C010000E7966D /* JSLiveCameraPreviewView.m in Sources */,
				1D982E8E157C012600E7966D /* AppDelegate.m in Sources */,
				1D982E91157C015000E7966D /* JSCameraVC.m in Sources */,
				1D982E93157C019200E7966D /* JSCameraImageFilterUtils.m in Sources */,
				1D982E98157C01A200E7966D /* JSSimpleCameraImageFilter.m in Sources */,
				1D982E99157C01A200E7966D /* JSCameraImageFilterFaceDetector.m in Sources */,
			);
			runOnlyForDeploymentPostprocessing = 0;
		};
/* End PBXSourcesBuildPhase section */

/* Begin XCBuildConfiguration section */
		1D95C7EB151776CC008A1C32 /* Debug */ = {
			isa = XCBuildConfiguration;
			buildSettings = {
				ALWAYS_SEARCH_USER_PATHS = NO;
				ARCHS = "$(ARCHS_STANDARD_32_BIT)";
				"CODE_SIGN_IDENTITY[sdk=iphoneos*]" = "iPhone Developer";
				COPY_PHASE_STRIP = NO;
				GCC_C_LANGUAGE_STANDARD = gnu99;
				GCC_DYNAMIC_NO_PIC = NO;
				GCC_OPTIMIZATION_LEVEL = 0;
				GCC_PREPROCESSOR_DEFINITIONS = (
					"DEBUG=1",
					"$(inherited)",
				);
				GCC_SYMBOLS_PRIVATE_EXTERN = NO;
				GCC_VERSION = com.apple.compilers.llvm.clang.1_0;
				GCC_WARN_ABOUT_RETURN_TYPE = YES;
				GCC_WARN_UNINITIALIZED_AUTOS = YES;
				GCC_WARN_UNUSED_VARIABLE = YES;
				IPHONEOS_DEPLOYMENT_TARGET = 5.0;
				SDKROOT = iphoneos;
			};
			name = Debug;
		};
		1D95C7EC151776CC008A1C32 /* Release */ = {
			isa = XCBuildConfiguration;
			buildSettings = {
				ALWAYS_SEARCH_USER_PATHS = NO;
				ARCHS = "$(ARCHS_STANDARD_32_BIT)";
				"CODE_SIGN_IDENTITY[sdk=iphoneos*]" = "iPhone Developer";
				COPY_PHASE_STRIP = YES;
				GCC_C_LANGUAGE_STANDARD = gnu99;
				GCC_VERSION = com.apple.compilers.llvm.clang.1_0;
				GCC_WARN_ABOUT_RETURN_TYPE = YES;
				GCC_WARN_UNINITIALIZED_AUTOS = YES;
				GCC_WARN_UNUSED_VARIABLE = YES;
				IPHONEOS_DEPLOYMENT_TARGET = 5.0;
				OTHER_CFLAGS = "-DNS_BLOCK_ASSERTIONS=1";
				SDKROOT = iphoneos;
				VALIDATE_PRODUCT = YES;
			};
			name = Release;
		};
		1D95C7EE151776CC008A1C32 /* Debug */ = {
			isa = XCBuildConfiguration;
			buildSettings = {
				GCC_PRECOMPILE_PREFIX_HEADER = YES;
				GCC_PREFIX_HEADER = "JSLiveCameraFiltersSampleProject/JSLiveCameraFilters-Prefix.pch";
				INFOPLIST_FILE = "JSLiveCameraFiltersSampleProject/JSLiveCameraFilters-Info.plist";
				PRODUCT_NAME = LiveFilters;
				WRAPPER_EXTENSION = app;
			};
			name = Debug;
		};
		1D95C7EF151776CC008A1C32 /* Release */ = {
			isa = XCBuildConfiguration;
			buildSettings = {
				GCC_PRECOMPILE_PREFIX_HEADER = YES;
				GCC_PREFIX_HEADER = "JSLiveCameraFiltersSampleProject/JSLiveCameraFilters-Prefix.pch";
				INFOPLIST_FILE = "JSLiveCameraFiltersSampleProject/JSLiveCameraFilters-Info.plist";
				PRODUCT_NAME = LiveFilters;
				WRAPPER_EXTENSION = app;
			};
			name = Release;
		};
/* End XCBuildConfiguration section */

/* Begin XCConfigurationList section */
		1D95C7CF151776CA008A1C32 /* Build configuration list for PBXProject "JSLiveCameraFilters" */ = {
			isa = XCConfigurationList;
			buildConfigurations = (
				1D95C7EB151776CC008A1C32 /* Debug */,
				1D95C7EC151776CC008A1C32 /* Release */,
			);
			defaultConfigurationIsVisible = 0;
			defaultConfigurationName = Release;
		};
		1D95C7ED151776CC008A1C32 /* Build configuration list for PBXNativeTarget "JSLiveCameraFiltersSampleApp" */ = {
			isa = XCConfigurationList;
			buildConfigurations = (
				1D95C7EE151776CC008A1C32 /* Debug */,
				1D95C7EF151776CC008A1C32 /* Release */,
			);
			defaultConfigurationIsVisible = 0;
			defaultConfigurationName = Release;
		};
/* End XCConfigurationList section */
	};
	rootObject = 1D95C7CC151776CA008A1C32 /* Project object */;
}
